
Microsoft Visual Studio Solution File, Format Version 12.00
# Visual Studio Version 17
VisualStudioVersion = 17.9.34616.47
MinimumVisualStudioVersion = 10.0.40219.1
Project("{FAE04EC0-301F-11D3-BF4B-00C04F79EFBC}") = "GmailDownloader", "GmailDownloader.csproj", "{28AB83CB-D926-457E-9968-C5C54BF4D9A6}"
EndProject
Global
	GlobalSection(SolutionConfigurationPlatforms) = preSolution
		Debug|Any CPU = Debug|Any CPU
		Release|Any CPU = Release|Any CPU
	EndGlobalSection
	GlobalSection(ProjectConfigurationPlatforms) = postSolution
		{28AB83CB-D926-457E-9968-C5C54BF4D9A6}.Debug|Any CPU.ActiveCfg = Debug|Any CPU
		{28AB83CB-D926-457E-9968-C5C54BF4D9A6}.Debug|Any CPU.Build.0 = Debug|Any CPU
		{28AB83CB-D926-457E-9968-C5C54BF4D9A6}.Release|Any CPU.ActiveCfg = Release|Any CPU
		{28AB83CB-D926-457E-9968-C5C54BF4D9A6}.Release|Any CPU.Build.0 = Release|Any CPU
	EndGlobalSection
	GlobalSection(SolutionProperties) = preSolution
		HideSolutionNode = FALSE
	EndGlobalSection
	GlobalSection(ExtensibilityGlobals) = postSolution
		SolutionGuid = {4BD4DBF2-6AF9-4159-9083-3D417F248EE4}
	EndGlobalSection
EndGlobal
